
Microsoft Visual Studio Solution File, Format Version 12.00
# Visual Studio Version 17
VisualStudioVersion = 17.6.33815.320
MinimumVisualStudioVersion = 10.0.40219.1
Project("{8BC9CEB8-8B4A-11D0-8D11-00A0C91BC942}") = "дз - зоогостиница", "дз - зоогостиница.vcxproj", "{B50D2753-DC36-4584-B552-B15E49530F57}"
EndProject
Global
	GlobalSection(SolutionConfigurationPlatforms) = preSolution
		Debug|x64 = Debug|x64
		Debug|x86 = Debug|x86
		Release|x64 = Release|x64
		Release|x86 = Release|x86
	EndGlobalSection
	GlobalSection(ProjectConfigurationPlatforms) = postSolution
		{B50D2753-DC36-4584-B552-B15E49530F57}.Debug|x64.ActiveCfg = Debug|x64
		{B50D2753-DC36-4584-B552-B15E49530F57}.Debug|x64.Build.0 = Debug|x64
		{B50D2753-DC36-4584-B552-B15E49530F57}.Debug|x86.ActiveCfg = Debug|Win32
		{B50D2753-DC36-4584-B552-B15E49530F57}.Debug|x86.Build.0 = Debug|Win32
		{B50D2753-DC36-4584-B552-B15E49530F57}.Release|x64.ActiveCfg = Release|x64
		{B50D2753-DC36-4584-B552-B15E49530F57}.Release|x64.Build.0 = Release|x64
		{B50D2753-DC36-4584-B552-B15E49530F57}.Release|x86.ActiveCfg = Release|Win32
		{B50D2753-DC36-4584-B552-B15E49530F57}.Release|x86.Build.0 = Release|Win32
	EndGlobalSection
	GlobalSection(SolutionProperties) = preSolution
		HideSolutionNode = FALSE
	EndGlobalSection
	GlobalSection(ExtensibilityGlobals) = postSolution
		SolutionGuid = {67C78C37-D61F-4920-ACE2-AC6F30F18AD2}
	EndGlobalSection
EndGlobal
